
Microsoft Visual Studio Solution File, Format Version 12.00
# Visual Studio 14
VisualStudioVersion = 14.0.25420.1
MinimumVisualStudioVersion = 10.0.40219.1
Project("{FAE04EC0-301F-11D3-BF4B-00C04F79EFBC}") = "Model1", "Model1\Model1.csproj", "{8993EE24-B3B4-4559-8EBE-AC2884582FF8}"
EndProject
Project("{FAE04EC0-301F-11D3-BF4B-00C04F79EFBC}") = "UsingForm", "UsingForm\UsingForm.csproj", "{2679F624-D74F-42E0-B660-3FDFE47EA2C7}"
EndProject
Global
	GlobalSection(SolutionConfigurationPlatforms) = preSolution
		Debug|Any CPU = Debug|Any CPU
		Release|Any CPU = Release|Any CPU
	EndGlobalSection
	GlobalSection(ProjectConfigurationPlatforms) = postSolution
		{8993EE24-B3B4-4559-8EBE-AC2884582FF8}.Debug|Any CPU.ActiveCfg = Debug|Any CPU
		{8993EE24-B3B4-4559-8EBE-AC2884582FF8}.Debug|Any CPU.Build.0 = Debug|Any CPU
		{8993EE24-B3B4-4559-8EBE-AC2884582FF8}.Release|Any CPU.ActiveCfg = Release|Any CPU
		{8993EE24-B3B4-4559-8EBE-AC2884582FF8}.Release|Any CPU.Build.0 = Release|Any CPU
		{2679F624-D74F-42E0-B660-3FDFE47EA2C7}.Debug|Any CPU.ActiveCfg = Debug|Any CPU
		{2679F624-D74F-42E0-B660-3FDFE47EA2C7}.Debug|Any CPU.Build.0 = Debug|Any CPU
		{2679F624-D74F-42E0-B660-3FDFE47EA2C7}.Release|Any CPU.ActiveCfg = Release|Any CPU
		{2679F624-D74F-42E0-B660-3FDFE47EA2C7}.Release|Any CPU.Build.0 = Release|Any CPU
	EndGlobalSection
	GlobalSection(SolutionProperties) = preSolution
		HideSolutionNode = FALSE
	EndGlobalSection
EndGlobal
